
Microsoft Visual Studio Solution File, Format Version 12.00
# Visual Studio Version 17
VisualStudioVersion = 17.8.34322.80
MinimumVisualStudioVersion = 10.0.40219.1
Project("{9A19103F-16F7-4668-BE54-9A1E7A4F7556}") = "DataBindingLibrary", "DataBindingLibrary\DataBindingLibrary.csproj", "{68424558-2E6E-404B-8296-A31800BEC553}"
EndProject
Project("{9A19103F-16F7-4668-BE54-9A1E7A4F7556}") = "ComputeWidthBerforRenderingSample002", "ComputeWidthBerforRenderingSample002\ComputeWidthBerforRenderingSample002.csproj", "{9EB1819D-D30A-48DF-A8E2-E39655B32835}"
EndProject
Project("{9A19103F-16F7-4668-BE54-9A1E7A4F7556}") = "ComputeWidthBerforRenderingSample001", "ComputeWidthBerforRenderingSample001\ComputeWidthBerforRenderingSample001.csproj", "{82E7B7B4-FC93-4218-A31A-A6D80F26C3E5}"
EndProject
Global
	GlobalSection(SolutionConfigurationPlatforms) = preSolution
		Debug|Any CPU = Debug|Any CPU
		Release|Any CPU = Release|Any CPU
	EndGlobalSection
	GlobalSection(ProjectConfigurationPlatforms) = postSolution
		{68424558-2E6E-404B-8296-A31800BEC553}.Debug|Any CPU.ActiveCfg = Debug|Any CPU
		{68424558-2E6E-404B-8296-A31800BEC553}.Debug|Any CPU.Build.0 = Debug|Any CPU
		{68424558-2E6E-404B-8296-A31800BEC553}.Release|Any CPU.ActiveCfg = Release|Any CPU
		{68424558-2E6E-404B-8296-A31800BEC553}.Release|Any CPU.Build.0 = Release|Any CPU
		{9EB1819D-D30A-48DF-A8E2-E39655B32835}.Debug|Any CPU.ActiveCfg = Debug|Any CPU
		{9EB1819D-D30A-48DF-A8E2-E39655B32835}.Debug|Any CPU.Build.0 = Debug|Any CPU
		{9EB1819D-D30A-48DF-A8E2-E39655B32835}.Release|Any CPU.ActiveCfg = Release|Any CPU
		{9EB1819D-D30A-48DF-A8E2-E39655B32835}.Release|Any CPU.Build.0 = Release|Any CPU
		{82E7B7B4-FC93-4218-A31A-A6D80F26C3E5}.Debug|Any CPU.ActiveCfg = Debug|Any CPU
		{82E7B7B4-FC93-4218-A31A-A6D80F26C3E5}.Debug|Any CPU.Build.0 = Debug|Any CPU
		{82E7B7B4-FC93-4218-A31A-A6D80F26C3E5}.Release|Any CPU.ActiveCfg = Release|Any CPU
		{82E7B7B4-FC93-4218-A31A-A6D80F26C3E5}.Release|Any CPU.Build.0 = Release|Any CPU
	EndGlobalSection
	GlobalSection(SolutionProperties) = preSolution
		HideSolutionNode = FALSE
	EndGlobalSection
	GlobalSection(ExtensibilityGlobals) = postSolution
		SolutionGuid = {F1489D94-02E0-42E9-9E44-745B20CB1DC6}
	EndGlobalSection
EndGlobal
